
Microsoft Visual Studio Solution File, Format Version 12.00
# Visual Studio 14
VisualStudioVersion = 14.0.24720.0
MinimumVisualStudioVersion = 10.0.40219.1
Project("{FAE04EC0-301F-11D3-BF4B-00C04F79EFBC}") = "1.CountNumberOccurence", "1.CountNumberOccurence\1.CountNumberOccurence.csproj", "{D424B9C7-85E4-4E25-91BB-4C5D08D1B787}"
EndProject
Project("{FAE04EC0-301F-11D3-BF4B-00C04F79EFBC}") = "2.RemoveAllNumbersWithOddOcurrence", "2.RemoveAllNumbersWithOddOcurrence\2.RemoveAllNumbersWithOddOcurrence.csproj", "{9C2A6FAE-3E0F-43F4-8A2A-15061D25A305}"
EndProject
Project("{FAE04EC0-301F-11D3-BF4B-00C04F79EFBC}") = "3.NumbersOfWordInText", "3.NumbersOfWordInText\3.NumbersOfWordInText.csproj", "{8EA5E5B3-F580-4838-951E-86026822BFF9}"
EndProject
Project("{FAE04EC0-301F-11D3-BF4B-00C04F79EFBC}") = "4.StudentClass", "4.StudentClass\4.StudentClass.csproj", "{4AE6381E-CD7D-4EC4-8ECC-ACD6B7CEF30A}"
EndProject
Project("{FAE04EC0-301F-11D3-BF4B-00C04F79EFBC}") = "5.PopulationData", "5.PopulationData\5.PopulationData.csproj", "{21514C30-20C8-4EB2-94B3-EA7951FF0017}"
EndProject
Project("{FAE04EC0-301F-11D3-BF4B-00C04F79EFBC}") = "6.Events", "6.Events\6.Events.csproj", "{604BF534-01AB-45B6-B456-DDE3E3AFF7A9}"
EndProject
Project("{FAE04EC0-301F-11D3-BF4B-00C04F79EFBC}") = "7.ChampionsLeague", "7.ChampionsLeague\7.ChampionsLeague.csproj", "{93155866-16CF-4091-9550-639D9FE457C1}"
EndProject
Project("{FAE04EC0-301F-11D3-BF4B-00C04F79EFBC}") = "1.1UniqueNames", "1.1UniqueNames\1.1UniqueNames.csproj", "{A09BF450-6855-4DB3-B1D0-6EB7C3F326C3}"
EndProject
Project("{FAE04EC0-301F-11D3-BF4B-00C04F79EFBC}") = "2.1SetOfElements", "2.1SetOfElements\2.1SetOfElements.csproj", "{2F3A9A36-CEA2-41A3-BECB-2E32944A3BF9}"
EndProject
Global
	GlobalSection(SolutionConfigurationPlatforms) = preSolution
		Debug|Any CPU = Debug|Any CPU
		Release|Any CPU = Release|Any CPU
	EndGlobalSection
	GlobalSection(ProjectConfigurationPlatforms) = postSolution
		{D424B9C7-85E4-4E25-91BB-4C5D08D1B787}.Debug|Any CPU.ActiveCfg = Debug|Any CPU
		{D424B9C7-85E4-4E25-91BB-4C5D08D1B787}.Debug|Any CPU.Build.0 = Debug|Any CPU
		{D424B9C7-85E4-4E25-91BB-4C5D08D1B787}.Release|Any CPU.ActiveCfg = Release|Any CPU
		{D424B9C7-85E4-4E25-91BB-4C5D08D1B787}.Release|Any CPU.Build.0 = Release|Any CPU
		{9C2A6FAE-3E0F-43F4-8A2A-15061D25A305}.Debug|Any CPU.ActiveCfg = Debug|Any CPU
		{9C2A6FAE-3E0F-43F4-8A2A-15061D25A305}.Debug|Any CPU.Build.0 = Debug|Any CPU
		{9C2A6FAE-3E0F-43F4-8A2A-15061D25A305}.Release|Any CPU.ActiveCfg = Release|Any CPU
		{9C2A6FAE-3E0F-43F4-8A2A-15061D25A305}.Release|Any CPU.Build.0 = Release|Any CPU
		{8EA5E5B3-F580-4838-951E-86026822BFF9}.Debug|Any CPU.ActiveCfg = Debug|Any CPU
		{8EA5E5B3-F580-4838-951E-86026822BFF9}.Debug|Any CPU.Build.0 = Debug|Any CPU
		{8EA5E5B3-F580-4838-951E-86026822BFF9}.Release|Any CPU.ActiveCfg = Release|Any CPU
		{8EA5E5B3-F580-4838-951E-86026822BFF9}.Release|Any CPU.Build.0 = Release|Any CPU
		{4AE6381E-CD7D-4EC4-8ECC-ACD6B7CEF30A}.Debug|Any CPU.ActiveCfg = Debug|Any CPU
		{4AE6381E-CD7D-4EC4-8ECC-ACD6B7CEF30A}.Debug|Any CPU.Build.0 = Debug|Any CPU
		{4AE6381E-CD7D-4EC4-8ECC-ACD6B7CEF30A}.Release|Any CPU.ActiveCfg = Release|Any CPU
		{4AE6381E-CD7D-4EC4-8ECC-ACD6B7CEF30A}.Release|Any CPU.Build.0 = Release|Any CPU
		{21514C30-20C8-4EB2-94B3-EA7951FF0017}.Debug|Any CPU.ActiveCfg = Debug|Any CPU
		{21514C30-20C8-4EB2-94B3-EA7951FF0017}.Debug|Any CPU.Build.0 = Debug|Any CPU
		{21514C30-20C8-4EB2-94B3-EA7951FF0017}.Release|Any CPU.ActiveCfg = Release|Any CPU
		{21514C30-20C8-4EB2-94B3-EA7951FF0017}.Release|Any CPU.Build.0 = Release|Any CPU
		{604BF534-01AB-45B6-B456-DDE3E3AFF7A9}.Debug|Any CPU.ActiveCfg = Debug|Any CPU
		{604BF534-01AB-45B6-B456-DDE3E3AFF7A9}.Debug|Any CPU.Build.0 = Debug|Any CPU
		{604BF534-01AB-45B6-B456-DDE3E3AFF7A9}.Release|Any CPU.ActiveCfg = Release|Any CPU
		{604BF534-01AB-45B6-B456-DDE3E3AFF7A9}.Release|Any CPU.Build.0 = Release|Any CPU
		{93155866-16CF-4091-9550-639D9FE457C1}.Debug|Any CPU.ActiveCfg = Debug|Any CPU
		{93155866-16CF-4091-9550-639D9FE457C1}.Debug|Any CPU.Build.0 = Debug|Any CPU
		{93155866-16CF-4091-9550-639D9FE457C1}.Release|Any CPU.ActiveCfg = Release|Any CPU
		{93155866-16CF-4091-9550-639D9FE457C1}.Release|Any CPU.Build.0 = Release|Any CPU
		{A09BF450-6855-4DB3-B1D0-6EB7C3F326C3}.Debug|Any CPU.ActiveCfg = Debug|Any CPU
		{A09BF450-6855-4DB3-B1D0-6EB7C3F326C3}.Debug|Any CPU.Build.0 = Debug|Any CPU
		{A09BF450-6855-4DB3-B1D0-6EB7C3F326C3}.Release|Any CPU.ActiveCfg = Release|Any CPU
		{A09BF450-6855-4DB3-B1D0-6EB7C3F326C3}.Release|Any CPU.Build.0 = Release|Any CPU
		{2F3A9A36-CEA2-41A3-BECB-2E32944A3BF9}.Debug|Any CPU.ActiveCfg = Debug|Any CPU
		{2F3A9A36-CEA2-41A3-BECB-2E32944A3BF9}.Debug|Any CPU.Build.0 = Debug|Any CPU
		{2F3A9A36-CEA2-41A3-BECB-2E32944A3BF9}.Release|Any CPU.ActiveCfg = Release|Any CPU
		{2F3A9A36-CEA2-41A3-BECB-2E32944A3BF9}.Release|Any CPU.Build.0 = Release|Any CPU
	EndGlobalSection
	GlobalSection(SolutionProperties) = preSolution
		HideSolutionNode = FALSE
	EndGlobalSection
EndGlobal
